// !$*UTF8*$!
{
	archiveVersion = 1;
	classes = {
	};
	objectVersion = 50;
	objects = {

/* Begin PBXBuildFile section */
		F4BBF17F21882C5600B2082C /* QAViewController.swift in Sources */ = {isa = PBXBuildFile; fileRef = F4BBF17E21882C5600B2082C /* QAViewController.swift */; };
		F4BBF181218834FF00B2082C /* AnswerViewController.swift in Sources */ = {isa = PBXBuildFile; fileRef = F4BBF180218834FF00B2082C /* AnswerViewController.swift */; };
		F4BBF1832188494F00B2082C /* AppData.swift in Sources */ = {isa = PBXBuildFile; fileRef = F4BBF1822188494F00B2082C /* AppData.swift */; };
		F4DB10942189507F00D2EF06 /* ScoreViewController.swift in Sources */ = {isa = PBXBuildFile; fileRef = F4DB10932189507F00D2EF06 /* ScoreViewController.swift */; };
		F4E184162182D15900EF239D /* AppDelegate.swift in Sources */ = {isa = PBXBuildFile; fileRef = F4E184152182D15900EF239D /* AppDelegate.swift */; };
		F4E184182182D15900EF239D /* ViewController.swift in Sources */ = {isa = PBXBuildFile; fileRef = F4E184172182D15900EF239D /* ViewController.swift */; };
		F4E1841B2182D15900EF239D /* Main.storyboard in Resources */ = {isa = PBXBuildFile; fileRef = F4E184192182D15900EF239D /* Main.storyboard */; };
		F4E1841D2182D15A00EF239D /* Assets.xcassets in Resources */ = {isa = PBXBuildFile; fileRef = F4E1841C2182D15A00EF239D /* Assets.xcassets */; };
		F4E184202182D15A00EF239D /* LaunchScreen.storyboard in Resources */ = {isa = PBXBuildFile; fileRef = F4E1841E2182D15A00EF239D /* LaunchScreen.storyboard */; };
		F4E1842B2182D15A00EF239D /* iQuizTests.swift in Sources */ = {isa = PBXBuildFile; fileRef = F4E1842A2182D15A00EF239D /* iQuizTests.swift */; };
		F4E184362182D15A00EF239D /* iQuizUITests.swift in Sources */ = {isa = PBXBuildFile; fileRef = F4E184352182D15A00EF239D /* iQuizUITests.swift */; };
		F4E184442183E6F300EF239D /* QuizTableViewCell.swift in Sources */ = {isa = PBXBuildFile; fileRef = F4E184432183E6F300EF239D /* QuizTableViewCell.swift */; };
		F4E184482183EFB700EF239D /* QuizTableViewController.swift in Sources */ = {isa = PBXBuildFile; fileRef = F4E184472183EFB700EF239D /* QuizTableViewController.swift */; };
/* End PBXBuildFile section */

/* Begin PBXContainerItemProxy section */
		F4E184272182D15A00EF239D /* PBXContainerItemProxy */ = {
			isa = PBXContainerItemProxy;
			containerPortal = F4E1840A2182D15900EF239D /* Project object */;
			proxyType = 1;
			remoteGlobalIDString = F4E184112182D15900EF239D;
			remoteInfo = iQuiz;
		};
		F4E184322182D15A00EF239D /* PBXContainerItemProxy */ = {
			isa = PBXContainerItemProxy;
			containerPortal = F4E1840A2182D15900EF239D /* Project object */;
			proxyType = 1;
			remoteGlobalIDString = F4E184112182D15900EF239D;
			remoteInfo = iQuiz;
		};
/* End PBXContainerItemProxy section */

/* Begin PBXFileReference section */
		F4BBF17E21882C5600B2082C /* QAViewController.swift */ = {isa = PBXFileReference; lastKnownFileType = sourcecode.swift; path = QAViewController.swift; sourceTree = "<group>"; };
		F4BBF180218834FF00B2082C /* AnswerViewController.swift */ = {isa = PBXFileReference; lastKnownFileType = sourcecode.swift; path = AnswerViewController.swift; sourceTree = "<group>"; };
		F4BBF1822188494F00B2082C /* AppData.swift */ = {isa = PBXFileReference; lastKnownFileType = sourcecode.swift; path = AppData.swift; sourceTree = "<group>"; };
		F4DB10932189507F00D2EF06 /* ScoreViewController.swift */ = {isa = PBXFileReference; lastKnownFileType = sourcecode.swift; path = ScoreViewController.swift; sourceTree = "<group>"; };
		F4E184122182D15900EF239D /* iQuiz.app */ = {isa = PBXFileReference; explicitFileType = wrapper.application; includeInIndex = 0; path = iQuiz.app; sourceTree = BUILT_PRODUCTS_DIR; };
		F4E184152182D15900EF239D /* AppDelegate.swift */ = {isa = PBXFileReference; lastKnownFileType = sourcecode.swift; path = AppDelegate.swift; sourceTree = "<group>"; };
		F4E184172182D15900EF239D /* ViewController.swift */ = {isa = PBXFileReference; lastKnownFileType = sourcecode.swift; path = ViewController.swift; sourceTree = "<group>"; };
		F4E1841A2182D15900EF239D /* Base */ = {isa = PBXFileReference; lastKnownFileType = file.storyboard; name = Base; path = Base.lproj/Main.storyboard; sourceTree = "<group>"; };
		F4E1841C2182D15A00EF239D /* Assets.xcassets */ = {isa = PBXFileReference; lastKnownFileType = folder.assetcatalog; path = Assets.xcassets; sourceTree = "<group>"; };
		F4E1841F2182D15A00EF239D /* Base */ = {isa = PBXFileReference; lastKnownFileType = file.storyboard; name = Base; path = Base.lproj/LaunchScreen.storyboard; sourceTree = "<group>"; };
		F4E184212182D15A00EF239D /* Info.plist */ = {isa = PBXFileReference; lastKnownFileType = text.plist.xml; path = Info.plist; sourceTree = "<group>"; };
		F4E184262182D15A00EF239D /* iQuizTests.xctest */ = {isa = PBXFileReference; explicitFileType = wrapper.cfbundle; includeInIndex = 0; path = iQuizTests.xctest; sourceTree = BUILT_PRODUCTS_DIR; };
		F4E1842A2182D15A00EF239D /* iQuizTests.swift */ = {isa = PBXFileReference; lastKnownFileType = sourcecode.swift; path = iQuizTests.swift; sourceTree = "<group>"; };
		F4E1842C2182D15A00EF239D /* Info.plist */ = {isa = PBXFileReference; lastKnownFileType = text.plist.xml; path = Info.plist; sourceTree = "<group>"; };
		F4E184312182D15A00EF239D /* iQuizUITests.xctest */ = {isa = PBXFileReference; explicitFileType = wrapper.cfbundle; includeInIndex = 0; path = iQuizUITests.xctest; sourceTree = BUILT_PRODUCTS_DIR; };
		F4E184352182D15A00EF239D /* iQuizUITests.swift */ = {isa = PBXFileReference; lastKnownFileType = sourcecode.swift; path = iQuizUITests.swift; sourceTree = "<group>"; };
		F4E184372182D15A00EF239D /* Info.plist */ = {isa = PBXFileReference; lastKnownFileType = text.plist.xml; path = Info.plist; sourceTree = "<group>"; };
		F4E184432183E6F300EF239D /* QuizTableViewCell.swift */ = {isa = PBXFileReference; lastKnownFileType = sourcecode.swift; path = QuizTableViewCell.swift; sourceTree = "<group>"; };
		F4E184472183EFB700EF239D /* QuizTableViewController.swift */ = {isa = PBXFileReference; lastKnownFileType = sourcecode.swift; path = QuizTableViewController.swift; sourceTree = "<group>"; };
/* End PBXFileReference section */

/* Begin PBXFrameworksBuildPhase section */
		F4E1840F2182D15900EF239D /* Frameworks */ = {
			isa = PBXFrameworksBuildPhase;
			buildActionMask = 2147483647;
			files = (
			);
			runOnlyForDeploymentPostprocessing = 0;
		};
		F4E184232182D15A00EF239D /* Frameworks */ = {
			isa = PBXFrameworksBuildPhase;
			buildActionMask = 2147483647;
			files = (
			);
			runOnlyForDeploymentPostprocessing = 0;
		};
		F4E1842E2182D15A00EF239D /* Frameworks */ = {
			isa = PBXFrameworksBuildPhase;
			buildActionMask = 2147483647;
			files = (
			);
			runOnlyForDeploymentPostprocessing = 0;
		};
/* End PBXFrameworksBuildPhase section */

/* Begin PBXGroup section */
		F4E184092182D15900EF239D = {
			isa = PBXGroup;
			children = (
				F4E184142182D15900EF239D /* iQuiz */,
				F4E184292182D15A00EF239D /* iQuizTests */,
				F4E184342182D15A00EF239D /* iQuizUITests */,
				F4E184132182D15900EF239D /* Products */,
			);
			sourceTree = "<group>";
		};
		F4E184132182D15900EF239D /* Products */ = {
			isa = PBXGroup;
			children = (
				F4E184122182D15900EF239D /* iQuiz.app */,
				F4E184262182D15A00EF239D /* iQuizTests.xctest */,
				F4E184312182D15A00EF239D /* iQuizUITests.xctest */,
			);
			name = Products;
			sourceTree = "<group>";
		};
		F4E184142182D15900EF239D /* iQuiz */ = {
			isa = PBXGroup;
			children = (
				F4BBF180218834FF00B2082C /* AnswerViewController.swift */,
				F4E184152182D15900EF239D /* AppDelegate.swift */,
				F4E184172182D15900EF239D /* ViewController.swift */,
				F4E184192182D15900EF239D /* Main.storyboard */,
				F4DB10932189507F00D2EF06 /* ScoreViewController.swift */,
				F4BBF1822188494F00B2082C /* AppData.swift */,
				F4BBF17E21882C5600B2082C /* QAViewController.swift */,
				F4E184432183E6F300EF239D /* QuizTableViewCell.swift */,
				F4E1841C2182D15A00EF239D /* Assets.xcassets */,
				F4E1841E2182D15A00EF239D /* LaunchScreen.storyboard */,
				F4E184212182D15A00EF239D /* Info.plist */,
				F4E184472183EFB700EF239D /* QuizTableViewController.swift */,
			);
			path = iQuiz;
			sourceTree = "<group>";
		};
		F4E184292182D15A00EF239D /* iQuizTests */ = {
			isa = PBXGroup;
			children = (
				F4E1842A2182D15A00EF239D /* iQuizTests.swift */,
				F4E1842C2182D15A00EF239D /* Info.plist */,
			);
			path = iQuizTests;
			sourceTree = "<group>";
		};
		F4E184342182D15A00EF239D /* iQuizUITests */ = {
			isa = PBXGroup;
			children = (
				F4E184352182D15A00EF239D /* iQuizUITests.swift */,
				F4E184372182D15A00EF239D /* Info.plist */,
			);
			path = iQuizUITests;
			sourceTree = "<group>";
		};
/* End PBXGroup section */

/* Begin PBXNativeTarget section */
		F4E184112182D15900EF239D /* iQuiz */ = {
			isa = PBXNativeTarget;
			buildConfigurationList = F4E1843A2182D15A00EF239D /* Build configuration list for PBXNativeTarget "iQuiz" */;
			buildPhases = (
				F4E1840E2182D15900EF239D /* Sources */,
				F4E1840F2182D15900EF239D /* Frameworks */,
				F4E184102182D15900EF239D /* Resources */,
			);
			buildRules = (
			);
			dependencies = (
			);
			name = iQuiz;
			productName = iQuiz;
			productReference = F4E184122182D15900EF239D /* iQuiz.app */;
			productType = "com.apple.product-type.application";
		};
		F4E184252182D15A00EF239D /* iQuizTests */ = {
			isa = PBXNativeTarget;
			buildConfigurationList = F4E1843D2182D15A00EF239D /* Build configuration list for PBXNativeTarget "iQuizTests" */;
			buildPhases = (
				F4E184222182D15A00EF239D /* Sources */,
				F4E184232182D15A00EF239D /* Frameworks */,
				F4E184242182D15A00EF239D /* Resources */,
			);
			buildRules = (
			);
			dependencies = (
				F4E184282182D15A00EF239D /* PBXTargetDependency */,
			);
			name = iQuizTests;
			productName = iQuizTests;
			productReference = F4E184262182D15A00EF239D /* iQuizTests.xctest */;
			productType = "com.apple.product-type.bundle.unit-test";
		};
		F4E184302182D15A00EF239D /* iQuizUITests */ = {
			isa = PBXNativeTarget;
			buildConfigurationList = F4E184402182D15A00EF239D /* Build configuration list for PBXNativeTarget "iQuizUITests" */;
			buildPhases = (
				F4E1842D2182D15A00EF239D /* Sources */,
				F4E1842E2182D15A00EF239D /* Frameworks */,
				F4E1842F2182D15A00EF239D /* Resources */,
			);
			buildRules = (
			);
			dependencies = (
				F4E184332182D15A00EF239D /* PBXTargetDependency */,
			);
			name = iQuizUITests;
			productName = iQuizUITests;
			productReference = F4E184312182D15A00EF239D /* iQuizUITests.xctest */;
			productType = "com.apple.product-type.bundle.ui-testing";
		};
/* End PBXNativeTarget section */

/* Begin PBXProject section */
		F4E1840A2182D15900EF239D /* Project object */ = {
			isa = PBXProject;
			attributes = {
				LastSwiftUpdateCheck = 1000;
				LastUpgradeCheck = 1000;
				ORGANIZATIONNAME = "Aaron Nguyen";
				TargetAttributes = {
					F4E184112182D15900EF239D = {
						CreatedOnToolsVersion = 10.0;
					};
					F4E184252182D15A00EF239D = {
						CreatedOnToolsVersion = 10.0;
						TestTargetID = F4E184112182D15900EF239D;
					};
					F4E184302182D15A00EF239D = {
						CreatedOnToolsVersion = 10.0;
						TestTargetID = F4E184112182D15900EF239D;
					};
				};
			};
			buildConfigurationList = F4E1840D2182D15900EF239D /* Build configuration list for PBXProject "iQuiz" */;
			compatibilityVersion = "Xcode 9.3";
			developmentRegion = en;
			hasScannedForEncodings = 0;
			knownRegions = (
				en,
				Base,
			);
			mainGroup = F4E184092182D15900EF239D;
			productRefGroup = F4E184132182D15900EF239D /* Products */;
			projectDirPath = "";
			projectRoot = "";
			targets = (
				F4E184112182D15900EF239D /* iQuiz */,
				F4E184252182D15A00EF239D /* iQuizTests */,
				F4E184302182D15A00EF239D /* iQuizUITests */,
			);
		};
/* End PBXProject section */

/* Begin PBXResourcesBuildPhase section */
		F4E184102182D15900EF239D /* Resources */ = {
			isa = PBXResourcesBuildPhase;
			buildActionMask = 2147483647;
			files = (
				F4E184202182D15A00EF239D /* LaunchScreen.storyboard in Resources */,
				F4E1841D2182D15A00EF239D /* Assets.xcassets in Resources */,
				F4E1841B2182D15900EF239D /* Main.storyboard in Resources */,
			);
			runOnlyForDeploymentPostprocessing = 0;
		};
		F4E184242182D15A00EF239D /* Resources */ = {
			isa = PBXResourcesBuildPhase;
			buildActionMask = 2147483647;
			files = (
			);
			runOnlyForDeploymentPostprocessing = 0;
		};
		F4E1842F2182D15A00EF239D /* Resources */ = {
			isa = PBXResourcesBuildPhase;
			buildActionMask = 2147483647;
			files = (
			);
			runOnlyForDeploymentPostprocessing = 0;
		};
/* End PBXResourcesBuildPhase section */

/* Begin PBXSourcesBuildPhase section */
		F4E1840E2182D15900EF239D /* Sources */ = {
			isa = PBXSourcesBuildPhase;
			buildActionMask = 2147483647;
			files = (
				F4BBF181218834FF00B2082C /* AnswerViewController.swift in Sources */,
				F4E184482183EFB700EF239D /* QuizTableViewController.swift in Sources */,
				F4BBF17F21882C5600B2082C /* QAViewController.swift in Sources */,
				F4E184182182D15900EF239D /* ViewController.swift in Sources */,
				F4E184162182D15900EF239D /* AppDelegate.swift in Sources */,
				F4E184442183E6F300EF239D /* QuizTableViewCell.swift in Sources */,
				F4BBF1832188494F00B2082C /* AppData.swift in Sources */,
				F4DB10942189507F00D2EF06 /* ScoreViewController.swift in Sources */,
			);
			runOnlyForDeploymentPostprocessing = 0;
		};
		F4E184222182D15A00EF239D /* Sources */ = {
			isa = PBXSourcesBuildPhase;
			buildActionMask = 2147483647;
			files = (
				F4E1842B2182D15A00EF239D /* iQuizTests.swift in Sources */,
			);
			runOnlyForDeploymentPostprocessing = 0;
		};
		F4E1842D2182D15A00EF239D /* Sources */ = {
			isa = PBXSourcesBuildPhase;
			buildActionMask = 2147483647;
			files = (
				F4E184362182D15A00EF239D /* iQuizUITests.swift in Sources */,
			);
			runOnlyForDeploymentPostprocessing = 0;
		};
/* End PBXSourcesBuildPhase section */

/* Begin PBXTargetDependency section */
		F4E184282182D15A00EF239D /* PBXTargetDependency */ = {
			isa = PBXTargetDependency;
			target = F4E184112182D15900EF239D /* iQuiz */;
			targetProxy = F4E184272182D15A00EF239D /* PBXContainerItemProxy */;
		};
		F4E184332182D15A00EF239D /* PBXTargetDependency */ = {
			isa = PBXTargetDependency;
			target = F4E184112182D15900EF239D /* iQuiz */;
			targetProxy = F4E184322182D15A00EF239D /* PBXContainerItemProxy */;
		};
/* End PBXTargetDependency section */

/* Begin PBXVariantGroup section */
		F4E184192182D15900EF239D /* Main.storyboard */ = {
			isa = PBXVariantGroup;
			children = (
				F4E1841A2182D15900EF239D /* Base */,
			);
			name = Main.storyboard;
			sourceTree = "<group>";
		};
		F4E1841E2182D15A00EF239D /* LaunchScreen.storyboard */ = {
			isa = PBXVariantGroup;
			children = (
				F4E1841F2182D15A00EF239D /* Base */,
			);
			name = LaunchScreen.storyboard;
			sourceTree = "<group>";
		};
/* End PBXVariantGroup section */

/* Begin XCBuildConfiguration section */
		F4E184382182D15A00EF239D /* Debug */ = {
			isa = XCBuildConfiguration;
			buildSettings = {
				ALWAYS_SEARCH_USER_PATHS = NO;
				CLANG_ANALYZER_NONNULL = YES;
				CLANG_ANALYZER_NUMBER_OBJECT_CONVERSION = YES_AGGRESSIVE;
				CLANG_CXX_LANGUAGE_STANDARD = "gnu++14";
				CLANG_CXX_LIBRARY = "libc++";
				CLANG_ENABLE_MODULES = YES;
				CLANG_ENABLE_OBJC_ARC = YES;
				CLANG_ENABLE_OBJC_WEAK = YES;
				CLANG_WARN_BLOCK_CAPTURE_AUTORELEASING = YES;
				CLANG_WARN_BOOL_CONVERSION = YES;
				CLANG_WARN_COMMA = YES;
				CLANG_WARN_CONSTANT_CONVERSION = YES;
				CLANG_WARN_DEPRECATED_OBJC_IMPLEMENTATIONS = YES;
				CLANG_WARN_DIRECT_OBJC_ISA_USAGE = YES_ERROR;
				CLANG_WARN_DOCUMENTATION_COMMENTS = YES;
				CLANG_WARN_EMPTY_BODY = YES;
				CLANG_WARN_ENUM_CONVERSION = YES;
				CLANG_WARN_INFINITE_RECURSION = YES;
				CLANG_WARN_INT_CONVERSION = YES;
				CLANG_WARN_NON_LITERAL_NULL_CONVERSION = YES;
				CLANG_WARN_OBJC_IMPLICIT_RETAIN_SELF = YES;
				CLANG_WARN_OBJC_LITERAL_CONVERSION = YES;
				CLANG_WARN_OBJC_ROOT_CLASS = YES_ERROR;
				CLANG_WARN_RANGE_LOOP_ANALYSIS = YES;
				CLANG_WARN_STRICT_PROTOTYPES = YES;
				CLANG_WARN_SUSPICIOUS_MOVE = YES;
				CLANG_WARN_UNGUARDED_AVAILABILITY = YES_AGGRESSIVE;
				CLANG_WARN_UNREACHABLE_CODE = YES;
				CLANG_WARN__DUPLICATE_METHOD_MATCH = YES;
				CODE_SIGN_IDENTITY = "iPhone Developer";
				COPY_PHASE_STRIP = NO;
				DEBUG_INFORMATION_FORMAT = dwarf;
				ENABLE_STRICT_OBJC_MSGSEND = YES;
				ENABLE_TESTABILITY = YES;
				GCC_C_LANGUAGE_STANDARD = gnu11;
				GCC_DYNAMIC_NO_PIC = NO;
				GCC_NO_COMMON_BLOCKS = YES;
				GCC_OPTIMIZATION_LEVEL = 0;
				GCC_PREPROCESSOR_DEFINITIONS = (
					"DEBUG=1",
					"$(inherited)",
				);
				GCC_WARN_64_TO_32_BIT_CONVERSION = YES;
				GCC_WARN_ABOUT_RETURN_TYPE = YES_ERROR;
				GCC_WARN_UNDECLARED_SELECTOR = YES;
				GCC_WARN_UNINITIALIZED_AUTOS = YES_AGGRESSIVE;
				GCC_WARN_UNUSED_FUNCTION = YES;
				GCC_WARN_UNUSED_VARIABLE = YES;
				IPHONEOS_DEPLOYMENT_TARGET = 12.0;
				MTL_ENABLE_DEBUG_INFO = INCLUDE_SOURCE;
				MTL_FAST_MATH = YES;
				ONLY_ACTIVE_ARCH = YES;
				SDKROOT = iphoneos;
				SWIFT_ACTIVE_COMPILATION_CONDITIONS = DEBUG;
				SWIFT_OPTIMIZATION_LEVEL = "-Onone";
			};
			name = Debug;
		};
		F4E184392182D15A00EF239D /* Release */ = {
			isa = XCBuildConfiguration;
			buildSettings = {
				ALWAYS_SEARCH_USER_PATHS = NO;
				CLANG_ANALYZER_NONNULL = YES;
				CLANG_ANALYZER_NUMBER_OBJECT_CONVERSION = YES_AGGRESSIVE;
				CLANG_CXX_LANGUAGE_STANDARD = "gnu++14";
				CLANG_CXX_LIBRARY = "libc++";
				CLANG_ENABLE_MODULES = YES;
				CLANG_ENABLE_OBJC_ARC = YES;
				CLANG_ENABLE_OBJC_WEAK = YES;
				CLANG_WARN_BLOCK_CAPTURE_AUTORELEASING = YES;
				CLANG_WARN_BOOL_CONVERSION = YES;
				CLANG_WARN_COMMA = YES;
				CLANG_WARN_CONSTANT_CONVERSION = YES;
				CLANG_WARN_DEPRECATED_OBJC_IMPLEMENTATIONS = YES;
				CLANG_WARN_DIRECT_OBJC_ISA_USAGE = YES_ERROR;
				CLANG_WARN_DOCUMENTATION_COMMENTS = YES;
				CLANG_WARN_EMPTY_BODY = YES;
				CLANG_WARN_ENUM_CONVERSION = YES;
				CLANG_WARN_INFINITE_RECURSION = YES;
				CLANG_WARN_INT_CONVERSION = YES;
				CLANG_WARN_NON_LITERAL_NULL_CONVERSION = YES;
				CLANG_WARN_OBJC_IMPLICIT_RETAIN_SELF = YES;
				CLANG_WARN_OBJC_LITERAL_CONVERSION = YES;
				CLANG_WARN_OBJC_ROOT_CLASS = YES_ERROR;
				CLANG_WARN_RANGE_LOOP_ANALYSIS = YES;
				CLANG_WARN_STRICT_PROTOTYPES = YES;
				CLANG_WARN_SUSPICIOUS_MOVE = YES;
				CLANG_WARN_UNGUARDED_AVAILABILITY = YES_AGGRESSIVE;
				CLANG_WARN_UNREACHABLE_CODE = YES;
				CLANG_WARN__DUPLICATE_METHOD_MATCH = YES;
				CODE_SIGN_IDENTITY = "iPhone Developer";
				COPY_PHASE_STRIP = NO;
				DEBUG_INFORMATION_FORMAT = "dwarf-with-dsym";
				ENABLE_NS_ASSERTIONS = NO;
				ENABLE_STRICT_OBJC_MSGSEND = YES;
				GCC_C_LANGUAGE_STANDARD = gnu11;
				GCC_NO_COMMON_BLOCKS = YES;
				GCC_WARN_64_TO_32_BIT_CONVERSION = YES;
				GCC_WARN_ABOUT_RETURN_TYPE = YES_ERROR;
				GCC_WARN_UNDECLARED_SELECTOR = YES;
				GCC_WARN_UNINITIALIZED_AUTOS = YES_AGGRESSIVE;
				GCC_WARN_UNUSED_FUNCTION = YES;
				GCC_WARN_UNUSED_VARIABLE = YES;
				IPHONEOS_DEPLOYMENT_TARGET = 12.0;
				MTL_ENABLE_DEBUG_INFO = NO;
				MTL_FAST_MATH = YES;
				SDKROOT = iphoneos;
				SWIFT_COMPILATION_MODE = wholemodule;
				SWIFT_OPTIMIZATION_LEVEL = "-O";
				VALIDATE_PRODUCT = YES;
			};
			name = Release;
		};
		F4E1843B2182D15A00EF239D /* Debug */ = {
			isa = XCBuildConfiguration;
			buildSettings = {
				ASSETCATALOG_COMPILER_APPICON_NAME = AppIcon;
				CODE_SIGN_STYLE = Automatic;
				DEVELOPMENT_TEAM = DN5JPQ5Z2H;
				INFOPLIST_FILE = iQuiz/Info.plist;
				LD_RUNPATH_SEARCH_PATHS = (
					"$(inherited)",
					"@executable_path/Frameworks",
				);
				PRODUCT_BUNDLE_IDENTIFIER = com.aaronnguyen.iQuiz;
				PRODUCT_NAME = "$(TARGET_NAME)";
				SWIFT_VERSION = 4.2;
				TARGETED_DEVICE_FAMILY = "1,2";
			};
			name = Debug;
		};
		F4E1843C2182D15A00EF239D /* Release */ = {
			isa = XCBuildConfiguration;
			buildSettings = {
				ASSETCATALOG_COMPILER_APPICON_NAME = AppIcon;
				CODE_SIGN_STYLE = Automatic;
				DEVELOPMENT_TEAM = DN5JPQ5Z2H;
				INFOPLIST_FILE = iQuiz/Info.plist;
				LD_RUNPATH_SEARCH_PATHS = (
					"$(inherited)",
					"@executable_path/Frameworks",
				);
				PRODUCT_BUNDLE_IDENTIFIER = com.aaronnguyen.iQuiz;
				PRODUCT_NAME = "$(TARGET_NAME)";
				SWIFT_VERSION = 4.2;
				TARGETED_DEVICE_FAMILY = "1,2";
			};
			name = Release;
		};
		F4E1843E2182D15A00EF239D /* Debug */ = {
			isa = XCBuildConfiguration;
			buildSettings = {
				ALWAYS_EMBED_SWIFT_STANDARD_LIBRARIES = YES;
				BUNDLE_LOADER = "$(TEST_HOST)";
				CODE_SIGN_STYLE = Automatic;
				DEVELOPMENT_TEAM = DN5JPQ5Z2H;
				INFOPLIST_FILE = iQuizTests/Info.plist;
				LD_RUNPATH_SEARCH_PATHS = (
					"$(inherited)",
					"@executable_path/Frameworks",
					"@loader_path/Frameworks",
				);
				PRODUCT_BUNDLE_IDENTIFIER = com.aaronnguyen.iQuizTests;
				PRODUCT_NAME = "$(TARGET_NAME)";
				SWIFT_VERSION = 4.2;
				TARGETED_DEVICE_FAMILY = "1,2";
				TEST_HOST = "$(BUILT_PRODUCTS_DIR)/iQuiz.app/iQuiz";
			};
			name = Debug;
		};
		F4E1843F2182D15A00EF239D /* Release */ = {
			isa = XCBuildConfiguration;
			buildSettings = {
				ALWAYS_EMBED_SWIFT_STANDARD_LIBRARIES = YES;
				BUNDLE_LOADER = "$(TEST_HOST)";
				CODE_SIGN_STYLE = Automatic;
				DEVELOPMENT_TEAM = DN5JPQ5Z2H;
				INFOPLIST_FILE = iQuizTests/Info.plist;
				LD_RUNPATH_SEARCH_PATHS = (
					"$(inherited)",
					"@executable_path/Frameworks",
					"@loader_path/Frameworks",
				);
				PRODUCT_BUNDLE_IDENTIFIER = com.aaronnguyen.iQuizTests;
				PRODUCT_NAME = "$(TARGET_NAME)";
				SWIFT_VERSION = 4.2;
				TARGETED_DEVICE_FAMILY = "1,2";
				TEST_HOST = "$(BUILT_PRODUCTS_DIR)/iQuiz.app/iQuiz";
			};
			name = Release;
		};
		F4E184412182D15A00EF239D /* Debug */ = {
			isa = XCBuildConfiguration;
			buildSettings = {
				ALWAYS_EMBED_SWIFT_STANDARD_LIBRARIES = YES;
				CODE_SIGN_STYLE = Automatic;
				DEVELOPMENT_TEAM = DN5JPQ5Z2H;
				INFOPLIST_FILE = iQuizUITests/Info.plist;
				LD_RUNPATH_SEARCH_PATHS = (
					"$(inherited)",
					"@executable_path/Frameworks",
					"@loader_path/Frameworks",
				);
				PRODUCT_BUNDLE_IDENTIFIER = com.aaronnguyen.iQuizUITests;
				PRODUCT_NAME = "$(TARGET_NAME)";
				SWIFT_VERSION = 4.2;
				TARGETED_DEVICE_FAMILY = "1,2";
				TEST_TARGET_NAME = iQuiz;
			};
			name = Debug;
		};
		F4E184422182D15A00EF239D /* Release */ = {
			isa = XCBuildConfiguration;
			buildSettings = {
				ALWAYS_EMBED_SWIFT_STANDARD_LIBRARIES = YES;
				CODE_SIGN_STYLE = Automatic;
				DEVELOPMENT_TEAM = DN5JPQ5Z2H;
				INFOPLIST_FILE = iQuizUITests/Info.plist;
				LD_RUNPATH_SEARCH_PATHS = (
					"$(inherited)",
					"@executable_path/Frameworks",
					"@loader_path/Frameworks",
				);
				PRODUCT_BUNDLE_IDENTIFIER = com.aaronnguyen.iQuizUITests;
				PRODUCT_NAME = "$(TARGET_NAME)";
				SWIFT_VERSION = 4.2;
				TARGETED_DEVICE_FAMILY = "1,2";
				TEST_TARGET_NAME = iQuiz;
			};
			name = Release;
		};
/* End XCBuildConfiguration section */

/* Begin XCConfigurationList section */
		F4E1840D2182D15900EF239D /* Build configuration list for PBXProject "iQuiz" */ = {
			isa = XCConfigurationList;
			buildConfigurations = (
				F4E184382182D15A00EF239D /* Debug */,
				F4E184392182D15A00EF239D /* Release */,
			);
			defaultConfigurationIsVisible = 0;
			defaultConfigurationName = Release;
		};
		F4E1843A2182D15A00EF239D /* Build configuration list for PBXNativeTarget "iQuiz" */ = {
			isa = XCConfigurationList;
			buildConfigurations = (
				F4E1843B2182D15A00EF239D /* Debug */,
				F4E1843C2182D15A00EF239D /* Release */,
			);
			defaultConfigurationIsVisible = 0;
			defaultConfigurationName = Release;
		};
		F4E1843D2182D15A00EF239D /* Build configuration list for PBXNativeTarget "iQuizTests" */ = {
			isa = XCConfigurationList;
			buildConfigurations = (
				F4E1843E2182D15A00EF239D /* Debug */,
				F4E1843F2182D15A00EF239D /* Release */,
			);
			defaultConfigurationIsVisible = 0;
			defaultConfigurationName = Release;
		};
		F4E184402182D15A00EF239D /* Build configuration list for PBXNativeTarget "iQuizUITests" */ = {
			isa = XCConfigurationList;
			buildConfigurations = (
				F4E184412182D15A00EF239D /* Debug */,
				F4E184422182D15A00EF239D /* Release */,
			);
			defaultConfigurationIsVisible = 0;
			defaultConfigurationName = Release;
		};
/* End XCConfigurationList section */
	};
	rootObject = F4E1840A2182D15900EF239D /* Project object */;
}
